
Microsoft Visual Studio Solution File, Format Version 12.00
# Visual Studio Version 17
VisualStudioVersion = 17.10.35122.118
MinimumVisualStudioVersion = 10.0.40219.1
Project("{FAE04EC0-301F-11D3-BF4B-00C04F79EFBC}") = "easi_claims", "easi_claims\easi_claims.csproj", "{D9AA194A-8AD9-4F8F-900E-254B8AC61213}"
EndProject
Global
	GlobalSection(SolutionConfigurationPlatforms) = preSolution
		Debug|Any CPU = Debug|Any CPU
		Release|Any CPU = Release|Any CPU
	EndGlobalSection
	GlobalSection(ProjectConfigurationPlatforms) = postSolution
		{D9AA194A-8AD9-4F8F-900E-254B8AC61213}.Debug|Any CPU.ActiveCfg = Debug|Any CPU
		{D9AA194A-8AD9-4F8F-900E-254B8AC61213}.Debug|Any CPU.Build.0 = Debug|Any CPU
		{D9AA194A-8AD9-4F8F-900E-254B8AC61213}.Release|Any CPU.ActiveCfg = Release|Any CPU
		{D9AA194A-8AD9-4F8F-900E-254B8AC61213}.Release|Any CPU.Build.0 = Release|Any CPU
	EndGlobalSection
	GlobalSection(SolutionProperties) = preSolution
		HideSolutionNode = FALSE
	EndGlobalSection
	GlobalSection(ExtensibilityGlobals) = postSolution
		SolutionGuid = {8676BD3B-5173-4613-B2B7-82866DC4A5EB}
	EndGlobalSection
EndGlobal
